// !$*UTF8*$!
{
	archiveVersion = 1;
	classes = {
	};
	objectVersion = 50;
	objects = {

/* Begin PBXBuildFile section */
		40B128C3232A7CAC00FF4763 /* FlickrFeedItemViewController.m in Sources */ = {isa = PBXBuildFile; fileRef = 40B128C1232A7CAC00FF4763 /* FlickrFeedItemViewController.m */; };
		40B128C4232A7CAC00FF4763 /* FlickrFeedItemViewController.xib in Resources */ = {isa = PBXBuildFile; fileRef = 40B128C2232A7CAC00FF4763 /* FlickrFeedItemViewController.xib */; };
		40CB8F202329D86E0002E083 /* AppDelegate.m in Sources */ = {isa = PBXBuildFile; fileRef = 40CB8F1F2329D86E0002E083 /* AppDelegate.m */; };
		40CB8F232329D86E0002E083 /* ViewController.m in Sources */ = {isa = PBXBuildFile; fileRef = 40CB8F222329D86E0002E083 /* ViewController.m */; };
		40CB8F262329D86E0002E083 /* Main.storyboard in Resources */ = {isa = PBXBuildFile; fileRef = 40CB8F242329D86E0002E083 /* Main.storyboard */; };
		40CB8F282329D8710002E083 /* Assets.xcassets in Resources */ = {isa = PBXBuildFile; fileRef = 40CB8F272329D8710002E083 /* Assets.xcassets */; };
		40CB8F2B2329D8710002E083 /* LaunchScreen.storyboard in Resources */ = {isa = PBXBuildFile; fileRef = 40CB8F292329D8710002E083 /* LaunchScreen.storyboard */; };
		40CB8F2E2329D8710002E083 /* main.m in Sources */ = {isa = PBXBuildFile; fileRef = 40CB8F2D2329D8710002E083 /* main.m */; };
		40CB8F382329D8710002E083 /* FlickrFeedTests.m in Sources */ = {isa = PBXBuildFile; fileRef = 40CB8F372329D8710002E083 /* FlickrFeedTests.m */; };
		40CB8F442329F10E0002E083 /* FlickrFeedItem.m in Sources */ = {isa = PBXBuildFile; fileRef = 40CB8F432329F10E0002E083 /* FlickrFeedItem.m */; };
		40CB8F472329F21D0002E083 /* FlickrFeed.m in Sources */ = {isa = PBXBuildFile; fileRef = 40CB8F462329F21D0002E083 /* FlickrFeed.m */; };
/* End PBXBuildFile section */

/* Begin PBXContainerItemProxy section */
		40CB8F342329D8710002E083 /* PBXContainerItemProxy */ = {
			isa = PBXContainerItemProxy;
			containerPortal = 40CB8F132329D86E0002E083 /* Project object */;
			proxyType = 1;
			remoteGlobalIDString = 40CB8F1A2329D86E0002E083;
			remoteInfo = FlickrFeed;
		};
/* End PBXContainerItemProxy section */

/* Begin PBXFileReference section */
		40B128C0232A7CAC00FF4763 /* FlickrFeedItemViewController.h */ = {isa = PBXFileReference; lastKnownFileType = sourcecode.c.h; path = FlickrFeedItemViewController.h; sourceTree = "<group>"; };
		40B128C1232A7CAC00FF4763 /* FlickrFeedItemViewController.m */ = {isa = PBXFileReference; lastKnownFileType = sourcecode.c.objc; path = FlickrFeedItemViewController.m; sourceTree = "<group>"; };
		40B128C2232A7CAC00FF4763 /* FlickrFeedItemViewController.xib */ = {isa = PBXFileReference; lastKnownFileType = file.xib; path = FlickrFeedItemViewController.xib; sourceTree = "<group>"; };
		40CB8F1B2329D86E0002E083 /* FlickrFeed.app */ = {isa = PBXFileReference; explicitFileType = wrapper.application; includeInIndex = 0; path = FlickrFeed.app; sourceTree = BUILT_PRODUCTS_DIR; };
		40CB8F1E2329D86E0002E083 /* AppDelegate.h */ = {isa = PBXFileReference; lastKnownFileType = sourcecode.c.h; path = AppDelegate.h; sourceTree = "<group>"; };
		40CB8F1F2329D86E0002E083 /* AppDelegate.m */ = {isa = PBXFileReference; lastKnownFileType = sourcecode.c.objc; path = AppDelegate.m; sourceTree = "<group>"; };
		40CB8F212329D86E0002E083 /* ViewController.h */ = {isa = PBXFileReference; lastKnownFileType = sourcecode.c.h; path = ViewController.h; sourceTree = "<group>"; };
		40CB8F222329D86E0002E083 /* ViewController.m */ = {isa = PBXFileReference; lastKnownFileType = sourcecode.c.objc; path = ViewController.m; sourceTree = "<group>"; };
		40CB8F252329D86E0002E083 /* Base */ = {isa = PBXFileReference; lastKnownFileType = file.storyboard; name = Base; path = Base.lproj/Main.storyboard; sourceTree = "<group>"; };
		40CB8F272329D8710002E083 /* Assets.xcassets */ = {isa = PBXFileReference; lastKnownFileType = folder.assetcatalog; path = Assets.xcassets; sourceTree = "<group>"; };
		40CB8F2A2329D8710002E083 /* Base */ = {isa = PBXFileReference; lastKnownFileType = file.storyboard; name = Base; path = Base.lproj/LaunchScreen.storyboard; sourceTree = "<group>"; };
		40CB8F2C2329D8710002E083 /* Info.plist */ = {isa = PBXFileReference; lastKnownFileType = text.plist.xml; path = Info.plist; sourceTree = "<group>"; };
		40CB8F2D2329D8710002E083 /* main.m */ = {isa = PBXFileReference; lastKnownFileType = sourcecode.c.objc; path = main.m; sourceTree = "<group>"; };
		40CB8F332329D8710002E083 /* FlickrFeedTests.xctest */ = {isa = PBXFileReference; explicitFileType = wrapper.cfbundle; includeInIndex = 0; path = FlickrFeedTests.xctest; sourceTree = BUILT_PRODUCTS_DIR; };
		40CB8F372329D8710002E083 /* FlickrFeedTests.m */ = {isa = PBXFileReference; lastKnownFileType = sourcecode.c.objc; path = FlickrFeedTests.m; sourceTree = "<group>"; };
		40CB8F392329D8710002E083 /* Info.plist */ = {isa = PBXFileReference; lastKnownFileType = text.plist.xml; path = Info.plist; sourceTree = "<group>"; };
		40CB8F422329F10E0002E083 /* FlickrFeedItem.h */ = {isa = PBXFileReference; lastKnownFileType = sourcecode.c.h; path = FlickrFeedItem.h; sourceTree = "<group>"; };
		40CB8F432329F10E0002E083 /* FlickrFeedItem.m */ = {isa = PBXFileReference; lastKnownFileType = sourcecode.c.objc; path = FlickrFeedItem.m; sourceTree = "<group>"; };
		40CB8F452329F21D0002E083 /* FlickrFeed.h */ = {isa = PBXFileReference; lastKnownFileType = sourcecode.c.h; path = FlickrFeed.h; sourceTree = "<group>"; };
		40CB8F462329F21D0002E083 /* FlickrFeed.m */ = {isa = PBXFileReference; lastKnownFileType = sourcecode.c.objc; path = FlickrFeed.m; sourceTree = "<group>"; };
/* End PBXFileReference section */

/* Begin PBXFrameworksBuildPhase section */
		40CB8F182329D86E0002E083 /* Frameworks */ = {
			isa = PBXFrameworksBuildPhase;
			buildActionMask = 2147483647;
			files = (
			);
			runOnlyForDeploymentPostprocessing = 0;
		};
		40CB8F302329D8710002E083 /* Frameworks */ = {
			isa = PBXFrameworksBuildPhase;
			buildActionMask = 2147483647;
			files = (
			);
			runOnlyForDeploymentPostprocessing = 0;
		};
/* End PBXFrameworksBuildPhase section */

/* Begin PBXGroup section */
		40CB8F122329D86E0002E083 = {
			isa = PBXGroup;
			children = (
				40CB8F1D2329D86E0002E083 /* FlickrFeed */,
				40CB8F362329D8710002E083 /* FlickrFeedTests */,
				40CB8F1C2329D86E0002E083 /* Products */,
			);
			sourceTree = "<group>";
		};
		40CB8F1C2329D86E0002E083 /* Products */ = {
			isa = PBXGroup;
			children = (
				40CB8F1B2329D86E0002E083 /* FlickrFeed.app */,
				40CB8F332329D8710002E083 /* FlickrFeedTests.xctest */,
			);
			name = Products;
			sourceTree = "<group>";
		};
		40CB8F1D2329D86E0002E083 /* FlickrFeed */ = {
			isa = PBXGroup;
			children = (
				40CB8F1E2329D86E0002E083 /* AppDelegate.h */,
				40CB8F1F2329D86E0002E083 /* AppDelegate.m */,
				40CB8F212329D86E0002E083 /* ViewController.h */,
				40CB8F222329D86E0002E083 /* ViewController.m */,
				40CB8F242329D86E0002E083 /* Main.storyboard */,
				40CB8F272329D8710002E083 /* Assets.xcassets */,
				40CB8F292329D8710002E083 /* LaunchScreen.storyboard */,
				40CB8F2C2329D8710002E083 /* Info.plist */,
				40CB8F2D2329D8710002E083 /* main.m */,
				40CB8F422329F10E0002E083 /* FlickrFeedItem.h */,
				40CB8F432329F10E0002E083 /* FlickrFeedItem.m */,
				40CB8F452329F21D0002E083 /* FlickrFeed.h */,
				40CB8F462329F21D0002E083 /* FlickrFeed.m */,
				40B128C0232A7CAC00FF4763 /* FlickrFeedItemViewController.h */,
				40B128C1232A7CAC00FF4763 /* FlickrFeedItemViewController.m */,
				40B128C2232A7CAC00FF4763 /* FlickrFeedItemViewController.xib */,
			);
			path = FlickrFeed;
			sourceTree = "<group>";
		};
		40CB8F362329D8710002E083 /* FlickrFeedTests */ = {
			isa = PBXGroup;
			children = (
				40CB8F372329D8710002E083 /* FlickrFeedTests.m */,
				40CB8F392329D8710002E083 /* Info.plist */,
			);
			path = FlickrFeedTests;
			sourceTree = "<group>";
		};
/* End PBXGroup section */

/* Begin PBXNativeTarget section */
		40CB8F1A2329D86E0002E083 /* FlickrFeed */ = {
			isa = PBXNativeTarget;
			buildConfigurationList = 40CB8F3C2329D8710002E083 /* Build configuration list for PBXNativeTarget "FlickrFeed" */;
			buildPhases = (
				40CB8F172329D86E0002E083 /* Sources */,
				40CB8F182329D86E0002E083 /* Frameworks */,
				40CB8F192329D86E0002E083 /* Resources */,
			);
			buildRules = (
			);
			dependencies = (
			);
			name = FlickrFeed;
			productName = FlickrFeed;
			productReference = 40CB8F1B2329D86E0002E083 /* FlickrFeed.app */;
			productType = "com.apple.product-type.application";
		};
		40CB8F322329D8710002E083 /* FlickrFeedTests */ = {
			isa = PBXNativeTarget;
			buildConfigurationList = 40CB8F3F2329D8710002E083 /* Build configuration list for PBXNativeTarget "FlickrFeedTests" */;
			buildPhases = (
				40CB8F2F2329D8710002E083 /* Sources */,
				40CB8F302329D8710002E083 /* Frameworks */,
				40CB8F312329D8710002E083 /* Resources */,
			);
			buildRules = (
			);
			dependencies = (
				40CB8F352329D8710002E083 /* PBXTargetDependency */,
			);
			name = FlickrFeedTests;
			productName = FlickrFeedTests;
			productReference = 40CB8F332329D8710002E083 /* FlickrFeedTests.xctest */;
			productType = "com.apple.product-type.bundle.unit-test";
		};
/* End PBXNativeTarget section */

/* Begin PBXProject section */
		40CB8F132329D86E0002E083 /* Project object */ = {
			isa = PBXProject;
			attributes = {
				LastUpgradeCheck = 1030;
				ORGANIZATIONNAME = "Angel Alberto Rueda Mejia";
				TargetAttributes = {
					40CB8F1A2329D86E0002E083 = {
						CreatedOnToolsVersion = 10.3;
					};
					40CB8F322329D8710002E083 = {
						CreatedOnToolsVersion = 10.3;
						TestTargetID = 40CB8F1A2329D86E0002E083;
					};
				};
			};
			buildConfigurationList = 40CB8F162329D86E0002E083 /* Build configuration list for PBXProject "FlickrFeed" */;
			compatibilityVersion = "Xcode 9.3";
			developmentRegion = en;
			hasScannedForEncodings = 0;
			knownRegions = (
				en,
				Base,
			);
			mainGroup = 40CB8F122329D86E0002E083;
			productRefGroup = 40CB8F1C2329D86E0002E083 /* Products */;
			projectDirPath = "";
			projectRoot = "";
			targets = (
				40CB8F1A2329D86E0002E083 /* FlickrFeed */,
				40CB8F322329D8710002E083 /* FlickrFeedTests */,
			);
		};
/* End PBXProject section */

/* Begin PBXResourcesBuildPhase section */
		40CB8F192329D86E0002E083 /* Resources */ = {
			isa = PBXResourcesBuildPhase;
			buildActionMask = 2147483647;
			files = (
				40B128C4232A7CAC00FF4763 /* FlickrFeedItemViewController.xib in Resources */,
				40CB8F2B2329D8710002E083 /* LaunchScreen.storyboard in Resources */,
				40CB8F282329D8710002E083 /* Assets.xcassets in Resources */,
				40CB8F262329D86E0002E083 /* Main.storyboard in Resources */,
			);
			runOnlyForDeploymentPostprocessing = 0;
		};
		40CB8F312329D8710002E083 /* Resources */ = {
			isa = PBXResourcesBuildPhase;
			buildActionMask = 2147483647;
			files = (
			);
			runOnlyForDeploymentPostprocessing = 0;
		};
/* End PBXResourcesBuildPhase section */

/* Begin PBXSourcesBuildPhase section */
		40CB8F172329D86E0002E083 /* Sources */ = {
			isa = PBXSourcesBuildPhase;
			buildActionMask = 2147483647;
			files = (
				40CB8F232329D86E0002E083 /* ViewController.m in Sources */,
				40CB8F472329F21D0002E083 /* FlickrFeed.m in Sources */,
				40CB8F442329F10E0002E083 /* FlickrFeedItem.m in Sources */,
				40CB8F2E2329D8710002E083 /* main.m in Sources */,
				40B128C3232A7CAC00FF4763 /* FlickrFeedItemViewController.m in Sources */,
				40CB8F202329D86E0002E083 /* AppDelegate.m in Sources */,
			);
			runOnlyForDeploymentPostprocessing = 0;
		};
		40CB8F2F2329D8710002E083 /* Sources */ = {
			isa = PBXSourcesBuildPhase;
			buildActionMask = 2147483647;
			files = (
				40CB8F382329D8710002E083 /* FlickrFeedTests.m in Sources */,
			);
			runOnlyForDeploymentPostprocessing = 0;
		};
/* End PBXSourcesBuildPhase section */

/* Begin PBXTargetDependency section */
		40CB8F352329D8710002E083 /* PBXTargetDependency */ = {
			isa = PBXTargetDependency;
			target = 40CB8F1A2329D86E0002E083 /* FlickrFeed */;
			targetProxy = 40CB8F342329D8710002E083 /* PBXContainerItemProxy */;
		};
/* End PBXTargetDependency section */

/* Begin PBXVariantGroup section */
		40CB8F242329D86E0002E083 /* Main.storyboard */ = {
			isa = PBXVariantGroup;
			children = (
				40CB8F252329D86E0002E083 /* Base */,
			);
			name = Main.storyboard;
			sourceTree = "<group>";
		};
		40CB8F292329D8710002E083 /* LaunchScreen.storyboard */ = {
			isa = PBXVariantGroup;
			children = (
				40CB8F2A2329D8710002E083 /* Base */,
			);
			name = LaunchScreen.storyboard;
			sourceTree = "<group>";
		};
/* End PBXVariantGroup section */

/* Begin XCBuildConfiguration section */
		40CB8F3A2329D8710002E083 /* Debug */ = {
			isa = XCBuildConfiguration;
			buildSettings = {
				ALWAYS_SEARCH_USER_PATHS = NO;
				CLANG_ANALYZER_NONNULL = YES;
				CLANG_ANALYZER_NUMBER_OBJECT_CONVERSION = YES_AGGRESSIVE;
				CLANG_CXX_LANGUAGE_STANDARD = "gnu++14";
				CLANG_CXX_LIBRARY = "libc++";
				CLANG_ENABLE_MODULES = YES;
				CLANG_ENABLE_OBJC_ARC = YES;
				CLANG_ENABLE_OBJC_WEAK = YES;
				CLANG_WARN_BLOCK_CAPTURE_AUTORELEASING = YES;
				CLANG_WARN_BOOL_CONVERSION = YES;
				CLANG_WARN_COMMA = YES;
				CLANG_WARN_CONSTANT_CONVERSION = YES;
				CLANG_WARN_DEPRECATED_OBJC_IMPLEMENTATIONS = YES;
				CLANG_WARN_DIRECT_OBJC_ISA_USAGE = YES_ERROR;
				CLANG_WARN_DOCUMENTATION_COMMENTS = YES;
				CLANG_WARN_EMPTY_BODY = YES;
				CLANG_WARN_ENUM_CONVERSION = YES;
				CLANG_WARN_INFINITE_RECURSION = YES;
				CLANG_WARN_INT_CONVERSION = YES;
				CLANG_WARN_NON_LITERAL_NULL_CONVERSION = YES;
				CLANG_WARN_OBJC_IMPLICIT_RETAIN_SELF = YES;
				CLANG_WARN_OBJC_LITERAL_CONVERSION = YES;
				CLANG_WARN_OBJC_ROOT_CLASS = YES_ERROR;
				CLANG_WARN_RANGE_LOOP_ANALYSIS = YES;
				CLANG_WARN_STRICT_PROTOTYPES = YES;
				CLANG_WARN_SUSPICIOUS_MOVE = YES;
				CLANG_WARN_UNGUARDED_AVAILABILITY = YES_AGGRESSIVE;
				CLANG_WARN_UNREACHABLE_CODE = YES;
				CLANG_WARN__DUPLICATE_METHOD_MATCH = YES;
				CODE_SIGN_IDENTITY = "iPhone Developer";
				COPY_PHASE_STRIP = NO;
				DEBUG_INFORMATION_FORMAT = dwarf;
				ENABLE_STRICT_OBJC_MSGSEND = YES;
				ENABLE_TESTABILITY = YES;
				GCC_C_LANGUAGE_STANDARD = gnu11;
				GCC_DYNAMIC_NO_PIC = NO;
				GCC_NO_COMMON_BLOCKS = YES;
				GCC_OPTIMIZATION_LEVEL = 0;
				GCC_PREPROCESSOR_DEFINITIONS = (
					"DEBUG=1",
					"$(inherited)",
				);
				GCC_WARN_64_TO_32_BIT_CONVERSION = YES;
				GCC_WARN_ABOUT_RETURN_TYPE = YES_ERROR;
				GCC_WARN_UNDECLARED_SELECTOR = YES;
				GCC_WARN_UNINITIALIZED_AUTOS = YES_AGGRESSIVE;
				GCC_WARN_UNUSED_FUNCTION = YES;
				GCC_WARN_UNUSED_VARIABLE = YES;
				IPHONEOS_DEPLOYMENT_TARGET = 12.4;
				MTL_ENABLE_DEBUG_INFO = INCLUDE_SOURCE;
				MTL_FAST_MATH = YES;
				ONLY_ACTIVE_ARCH = YES;
				SDKROOT = iphoneos;
			};
			name = Debug;
		};
		40CB8F3B2329D8710002E083 /* Release */ = {
			isa = XCBuildConfiguration;
			buildSettings = {
				ALWAYS_SEARCH_USER_PATHS = NO;
				CLANG_ANALYZER_NONNULL = YES;
				CLANG_ANALYZER_NUMBER_OBJECT_CONVERSION = YES_AGGRESSIVE;
				CLANG_CXX_LANGUAGE_STANDARD = "gnu++14";
				CLANG_CXX_LIBRARY = "libc++";
				CLANG_ENABLE_MODULES = YES;
				CLANG_ENABLE_OBJC_ARC = YES;
				CLANG_ENABLE_OBJC_WEAK = YES;
				CLANG_WARN_BLOCK_CAPTURE_AUTORELEASING = YES;
				CLANG_WARN_BOOL_CONVERSION = YES;
				CLANG_WARN_COMMA = YES;
				CLANG_WARN_CONSTANT_CONVERSION = YES;
				CLANG_WARN_DEPRECATED_OBJC_IMPLEMENTATIONS = YES;
				CLANG_WARN_DIRECT_OBJC_ISA_USAGE = YES_ERROR;
				CLANG_WARN_DOCUMENTATION_COMMENTS = YES;
				CLANG_WARN_EMPTY_BODY = YES;
				CLANG_WARN_ENUM_CONVERSION = YES;
				CLANG_WARN_INFINITE_RECURSION = YES;
				CLANG_WARN_INT_CONVERSION = YES;
				CLANG_WARN_NON_LITERAL_NULL_CONVERSION = YES;
				CLANG_WARN_OBJC_IMPLICIT_RETAIN_SELF = YES;
				CLANG_WARN_OBJC_LITERAL_CONVERSION = YES;
				CLANG_WARN_OBJC_ROOT_CLASS = YES_ERROR;
				CLANG_WARN_RANGE_LOOP_ANALYSIS = YES;
				CLANG_WARN_STRICT_PROTOTYPES = YES;
				CLANG_WARN_SUSPICIOUS_MOVE = YES;
				CLANG_WARN_UNGUARDED_AVAILABILITY = YES_AGGRESSIVE;
				CLANG_WARN_UNREACHABLE_CODE = YES;
				CLANG_WARN__DUPLICATE_METHOD_MATCH = YES;
				CODE_SIGN_IDENTITY = "iPhone Developer";
				COPY_PHASE_STRIP = NO;
				DEBUG_INFORMATION_FORMAT = "dwarf-with-dsym";
				ENABLE_NS_ASSERTIONS = NO;
				ENABLE_STRICT_OBJC_MSGSEND = YES;
				GCC_C_LANGUAGE_STANDARD = gnu11;
				GCC_NO_COMMON_BLOCKS = YES;
				GCC_WARN_64_TO_32_BIT_CONVERSION = YES;
				GCC_WARN_ABOUT_RETURN_TYPE = YES_ERROR;
				GCC_WARN_UNDECLARED_SELECTOR = YES;
				GCC_WARN_UNINITIALIZED_AUTOS = YES_AGGRESSIVE;
				GCC_WARN_UNUSED_FUNCTION = YES;
				GCC_WARN_UNUSED_VARIABLE = YES;
				IPHONEOS_DEPLOYMENT_TARGET = 12.4;
				MTL_ENABLE_DEBUG_INFO = NO;
				MTL_FAST_MATH = YES;
				SDKROOT = iphoneos;
				VALIDATE_PRODUCT = YES;
			};
			name = Release;
		};
		40CB8F3D2329D8710002E083 /* Debug */ = {
			isa = XCBuildConfiguration;
			buildSettings = {
				ASSETCATALOG_COMPILER_APPICON_NAME = AppIcon;
				CODE_SIGN_STYLE = Automatic;
				DEVELOPMENT_TEAM = 92GHJE4Z36;
				INFOPLIST_FILE = FlickrFeed/Info.plist;
				LD_RUNPATH_SEARCH_PATHS = (
					"$(inherited)",
					"@executable_path/Frameworks",
				);
				PRODUCT_BUNDLE_IDENTIFIER = com.aarm.FlickrFeed;
				PRODUCT_NAME = "$(TARGET_NAME)";
				TARGETED_DEVICE_FAMILY = "1,2";
			};
			name = Debug;
		};
		40CB8F3E2329D8710002E083 /* Release */ = {
			isa = XCBuildConfiguration;
			buildSettings = {
				ASSETCATALOG_COMPILER_APPICON_NAME = AppIcon;
				CODE_SIGN_STYLE = Automatic;
				DEVELOPMENT_TEAM = 92GHJE4Z36;
				INFOPLIST_FILE = FlickrFeed/Info.plist;
				LD_RUNPATH_SEARCH_PATHS = (
					"$(inherited)",
					"@executable_path/Frameworks",
				);
				PRODUCT_BUNDLE_IDENTIFIER = com.aarm.FlickrFeed;
				PRODUCT_NAME = "$(TARGET_NAME)";
				TARGETED_DEVICE_FAMILY = "1,2";
			};
			name = Release;
		};
		40CB8F402329D8710002E083 /* Debug */ = {
			isa = XCBuildConfiguration;
			buildSettings = {
				BUNDLE_LOADER = "$(TEST_HOST)";
				CODE_SIGN_STYLE = Automatic;
				DEVELOPMENT_TEAM = 92GHJE4Z36;
				INFOPLIST_FILE = FlickrFeedTests/Info.plist;
				LD_RUNPATH_SEARCH_PATHS = (
					"$(inherited)",
					"@executable_path/Frameworks",
					"@loader_path/Frameworks",
				);
				PRODUCT_BUNDLE_IDENTIFIER = com.aarm.FlickrFeedTests;
				PRODUCT_NAME = "$(TARGET_NAME)";
				TARGETED_DEVICE_FAMILY = "1,2";
				TEST_HOST = "$(BUILT_PRODUCTS_DIR)/FlickrFeed.app/FlickrFeed";
			};
			name = Debug;
		};
		40CB8F412329D8710002E083 /* Release */ = {
			isa = XCBuildConfiguration;
			buildSettings = {
				BUNDLE_LOADER = "$(TEST_HOST)";
				CODE_SIGN_STYLE = Automatic;
				DEVELOPMENT_TEAM = 92GHJE4Z36;
				INFOPLIST_FILE = FlickrFeedTests/Info.plist;
				LD_RUNPATH_SEARCH_PATHS = (
					"$(inherited)",
					"@executable_path/Frameworks",
					"@loader_path/Frameworks",
				);
				PRODUCT_BUNDLE_IDENTIFIER = com.aarm.FlickrFeedTests;
				PRODUCT_NAME = "$(TARGET_NAME)";
				TARGETED_DEVICE_FAMILY = "1,2";
				TEST_HOST = "$(BUILT_PRODUCTS_DIR)/FlickrFeed.app/FlickrFeed";
			};
			name = Release;
		};
/* End XCBuildConfiguration section */

/* Begin XCConfigurationList section */
		40CB8F162329D86E0002E083 /* Build configuration list for PBXProject "FlickrFeed" */ = {
			isa = XCConfigurationList;
			buildConfigurations = (
				40CB8F3A2329D8710002E083 /* Debug */,
				40CB8F3B2329D8710002E083 /* Release */,
			);
			defaultConfigurationIsVisible = 0;
			defaultConfigurationName = Release;
		};
		40CB8F3C2329D8710002E083 /* Build configuration list for PBXNativeTarget "FlickrFeed" */ = {
			isa = XCConfigurationList;
			buildConfigurations = (
				40CB8F3D2329D8710002E083 /* Debug */,
				40CB8F3E2329D8710002E083 /* Release */,
			);
			defaultConfigurationIsVisible = 0;
			defaultConfigurationName = Release;
		};
		40CB8F3F2329D8710002E083 /* Build configuration list for PBXNativeTarget "FlickrFeedTests" */ = {
			isa = XCConfigurationList;
			buildConfigurations = (
				40CB8F402329D8710002E083 /* Debug */,
				40CB8F412329D8710002E083 /* Release */,
			);
			defaultConfigurationIsVisible = 0;
			defaultConfigurationName = Release;
		};
/* End XCConfigurationList section */
	};
	rootObject = 40CB8F132329D86E0002E083 /* Project object */;
}
